// !$*UTF8*$!
{
	archiveVersion = 1;
	classes = {
	};
	objectVersion = 46;
	objects = {

/* Begin PBXBuildFile section */
		480F1FC819CECF4000256A55 /* SDL2.framework in Frameworks */ = {isa = PBXBuildFile; fileRef = 480F1FC719CECF4000256A55 /* SDL2.framework */; };
		480F1FCA19CEDDF900256A55 /* SDL2_image.framework in Frameworks */ = {isa = PBXBuildFile; fileRef = 480F1FC919CEDDF900256A55 /* SDL2_image.framework */; };
		480F1FCE19CF59D900256A55 /* missile.png in CopyFiles */ = {isa = PBXBuildFile; fileRef = 480F1FCD19CF59C500256A55 /* missile.png */; };
		48D0B9C019D33F30003F32F8 /* SDL2_mixer.framework in Frameworks */ = {isa = PBXBuildFile; fileRef = 48D0B9BF19D33F30003F32F8 /* SDL2_mixer.framework */; };
		48D0B9C419D347EC003F32F8 /* piou.wav in CopyFiles */ = {isa = PBXBuildFile; fileRef = 48D0B9C319D347D7003F32F8 /* piou.wav */; };
		48D0B9C619D3489E003F32F8 /* Happy pharrell williams.mp3 in CopyFiles */ = {isa = PBXBuildFile; fileRef = 48D0B9C519D34887003F32F8 /* Happy pharrell williams.mp3 */; };
		48D0B9CA19D3508C003F32F8 /* main.c in Sources */ = {isa = PBXBuildFile; fileRef = 48D0B9C919D3508C003F32F8 /* main.c */; };
		48D0B9CC19D35447003F32F8 /* spaceinvaders1.mpeg in CopyFiles */ = {isa = PBXBuildFile; fileRef = 48D0B9CB19D3543E003F32F8 /* spaceinvaders1.mpeg */; };
		48D0B9CE19D35BD2003F32F8 /* invaders.c in Sources */ = {isa = PBXBuildFile; fileRef = 48D0B9CD19D35BD2003F32F8 /* invaders.c */; };
		48D0B9D119D35DA0003F32F8 /* missile.c in Sources */ = {isa = PBXBuildFile; fileRef = 48D0B9D019D35DA0003F32F8 /* missile.c */; };
		9C23D53C19D4A78C00E0C956 /* xfunctions.c in Sources */ = {isa = PBXBuildFile; fileRef = 9C23D53B19D4A78C00E0C956 /* xfunctions.c */; };
		9C23D53E19D4AEFF00E0C956 /* events.c in Sources */ = {isa = PBXBuildFile; fileRef = 9C23D53D19D4AEFF00E0C956 /* events.c */; };
		9C90DE7719CF306F0000569B /* fusee.png in CopyFiles */ = {isa = PBXBuildFile; fileRef = 9C90DE7619CF30660000569B /* fusee.png */; };
		9C90DE7919CF30BC0000569B /* background.jpg in CopyFiles */ = {isa = PBXBuildFile; fileRef = 9C90DE7819CF30B40000569B /* background.jpg */; };
		9C90DE7B19CF52570000569B /* invader.png in CopyFiles */ = {isa = PBXBuildFile; fileRef = 9C90DE7A19CF52430000569B /* invader.png */; };
/* End PBXBuildFile section */

/* Begin PBXCopyFilesBuildPhase section */
		9C90DE7419CF1FFF0000569B /* CopyFiles */ = {
			isa = PBXCopyFilesBuildPhase;
			buildActionMask = 12;
			dstPath = "";
			dstSubfolderSpec = 7;
			files = (
				48F3344C19D4BBB9007EF89E /* Arial.ttf in CopyFiles */,
				48D0B9CC19D35447003F32F8 /* spaceinvaders1.mpeg in CopyFiles */,
				48D0B9C619D3489E003F32F8 /* Happy pharrell williams.mp3 in CopyFiles */,
				48D0B9C419D347EC003F32F8 /* piou.wav in CopyFiles */,
				480F1FCE19CF59D900256A55 /* missile.png in CopyFiles */,
				9C90DE7B19CF52570000569B /* invader.png in CopyFiles */,
				9C90DE7919CF30BC0000569B /* background.jpg in CopyFiles */,
				9C90DE7719CF306F0000569B /* fusee.png in CopyFiles */,
			);
			runOnlyForDeploymentPostprocessing = 0;
		};
/* End PBXCopyFilesBuildPhase section */

/* Begin PBXFileReference section */
		480F1FC719CECF4000256A55 /* SDL2.framework */ = {isa = PBXFileReference; lastKnownFileType = wrapper.framework; name = SDL2.framework; path = ../../../../../../../../Library/Frameworks/SDL2.framework; sourceTree = "<group>"; };
		480F1FC919CEDDF900256A55 /* SDL2_image.framework */ = {isa = PBXFileReference; lastKnownFileType = wrapper.framework; name = SDL2_image.framework; path = ../../../../../../../../Library/Frameworks/SDL2_image.framework; sourceTree = "<group>"; };
		480F1FCD19CF59C500256A55 /* missile.png */ = {isa = PBXFileReference; lastKnownFileType = image.png; path = missile.png; sourceTree = "<group>"; };
		48D0B9BF19D33F30003F32F8 /* SDL2_mixer.framework */ = {isa = PBXFileReference; lastKnownFileType = wrapper.framework; name = SDL2_mixer.framework; path = ../../../../../../Library/Frameworks/SDL2_mixer.framework; sourceTree = "<group>"; };
		48D0B9C319D347D7003F32F8 /* piou.wav */ = {isa = PBXFileReference; lastKnownFileType = audio.wav; path = piou.wav; sourceTree = "<group>"; };
		48D0B9C519D34887003F32F8 /* Happy pharrell williams.mp3 */ = {isa = PBXFileReference; lastKnownFileType = audio.mp3; path = "Happy pharrell williams.mp3"; sourceTree = "<group>"; };
		48D0B9C919D3508C003F32F8 /* main.c */ = {isa = PBXFileReference; fileEncoding = 4; lastKnownFileType = sourcecode.c.c; path = main.c; sourceTree = "<group>"; };
		48D0B9CB19D3543E003F32F8 /* spaceinvaders1.mpeg */ = {isa = PBXFileReference; lastKnownFileType = video.mpeg; path = spaceinvaders1.mpeg; sourceTree = "<group>"; };
		48D0B9CD19D35BD2003F32F8 /* invaders.c */ = {isa = PBXFileReference; fileEncoding = 4; lastKnownFileType = sourcecode.c.c; path = invaders.c; sourceTree = "<group>"; };
		48D0B9CF19D35C32003F32F8 /* spaceInvaders.h */ = {isa = PBXFileReference; lastKnownFileType = sourcecode.c.h; path = spaceInvaders.h; sourceTree = "<group>"; };
		48D0B9D019D35DA0003F32F8 /* missile.c */ = {isa = PBXFileReference; fileEncoding = 4; lastKnownFileType = sourcecode.c.c; path = missile.c; sourceTree = "<group>"; };
		9C23D53B19D4A78C00E0C956 /* xfunctions.c */ = {isa = PBXFileReference; fileEncoding = 4; lastKnownFileType = sourcecode.c.c; path = xfunctions.c; sourceTree = "<group>"; };
		9C23D53D19D4AEFF00E0C956 /* events.c */ = {isa = PBXFileReference; fileEncoding = 4; lastKnownFileType = sourcecode.c.c; path = events.c; sourceTree = "<group>"; };
		9C443B1219CE30D9002A0297 /* SpaceInvaders */ = {isa = PBXFileReference; explicitFileType = "compiled.mach-o.executable"; includeInIndex = 0; path = SpaceInvaders; sourceTree = BUILT_PRODUCTS_DIR; };
		9C90DE7619CF30660000569B /* fusee.png */ = {isa = PBXFileReference; lastKnownFileType = image.png; path = fusee.png; sourceTree = "<group>"; };
		9C90DE7819CF30B40000569B /* background.jpg */ = {isa = PBXFileReference; lastKnownFileType = image.jpeg; path = background.jpg; sourceTree = "<group>"; };
		9C90DE7A19CF52430000569B /* invader.png */ = {isa = PBXFileReference; lastKnownFileType = image.png; path = invader.png; sourceTree = "<group>"; };
/* End PBXFileReference section */

/* Begin PBXFrameworksBuildPhase section */
		9C443B0F19CE30D9002A0297 /* Frameworks */ = {
			isa = PBXFrameworksBuildPhase;
			buildActionMask = 2147483647;
			files = (
				48F3344A19D4AAA2007EF89E /* SDL2_ttf.framework in Frameworks */,
				48D0B9C019D33F30003F32F8 /* SDL2_mixer.framework in Frameworks */,
				480F1FCA19CEDDF900256A55 /* SDL2_image.framework in Frameworks */,
				480F1FC819CECF4000256A55 /* SDL2.framework in Frameworks */,
			);
			runOnlyForDeploymentPostprocessing = 0;
		};
/* End PBXFrameworksBuildPhase section */

/* Begin PBXGroup section */
		9C443B0919CE30D9002A0297 = {
			isa = PBXGroup;
			children = (
				48F3344919D4AAA2007EF89E /* SDL2_ttf.framework */,
				48D0B9BF19D33F30003F32F8 /* SDL2_mixer.framework */,
				480F1FC919CEDDF900256A55 /* SDL2_image.framework */,
				480F1FC719CECF4000256A55 /* SDL2.framework */,
				9C443B1419CE30D9002A0297 /* SpaceInvaders */,
				9C90DE7119CF1E3A0000569B /* Ressources */,
				9C443B1319CE30D9002A0297 /* Products */,
			);
			sourceTree = "<group>";
		};
		9C443B1319CE30D9002A0297 /* Products */ = {
			isa = PBXGroup;
			children = (
				9C443B1219CE30D9002A0297 /* SpaceInvaders */,
			);
			name = Products;
			sourceTree = "<group>";
		};
		9C443B1419CE30D9002A0297 /* SpaceInvaders */ = {
			isa = PBXGroup;
			children = (
				48D0B9C919D3508C003F32F8 /* main.c */,
				48D0B9CD19D35BD2003F32F8 /* invaders.c */,
				48D0B9CF19D35C32003F32F8 /* spaceInvaders.h */,
				48D0B9D019D35DA0003F32F8 /* missile.c */,
				9C23D53B19D4A78C00E0C956 /* xfunctions.c */,
				9C23D53D19D4AEFF00E0C956 /* events.c */,
			);
			path = SpaceInvaders;
			sourceTree = "<group>";
		};
		9C90DE7119CF1E3A0000569B /* Ressources */ = {
			isa = PBXGroup;
			children = (
				48F3344B19D4BBB0007EF89E /* Arial.ttf */,
				48D0B9CB19D3543E003F32F8 /* spaceinvaders1.mpeg */,
				48D0B9C519D34887003F32F8 /* Happy pharrell williams.mp3 */,
				48D0B9C319D347D7003F32F8 /* piou.wav */,
				9C90DE7819CF30B40000569B /* background.jpg */,
				9C90DE7619CF30660000569B /* fusee.png */,
				9C90DE7A19CF52430000569B /* invader.png */,
				480F1FCD19CF59C500256A55 /* missile.png */,
			);
			name = Ressources;
			sourceTree = "<group>";
		};
/* End PBXGroup section */

/* Begin PBXNativeTarget section */
		9C443B1119CE30D9002A0297 /* SpaceInvaders */ = {
			isa = PBXNativeTarget;
			buildConfigurationList = 9C443B1B19CE30D9002A0297 /* Build configuration list for PBXNativeTarget "SpaceInvaders" */;
			buildPhases = (
				9C443B0E19CE30D9002A0297 /* Sources */,
				9C443B0F19CE30D9002A0297 /* Frameworks */,
				9C90DE7419CF1FFF0000569B /* CopyFiles */,
			);
			buildRules = (
			);
			dependencies = (
			);
			name = SpaceInvaders;
			productName = SpaceInvaders;
			productReference = 9C443B1219CE30D9002A0297 /* SpaceInvaders */;
			productType = "com.apple.product-type.tool";
		};
/* End PBXNativeTarget section */

/* Begin PBXProject section */
		9C443B0A19CE30D9002A0297 /* Project object */ = {
			isa = PBXProject;
			attributes = {
				LastUpgradeCheck = 0510;
				ORGANIZATIONNAME = "___EnguerranDECTOR___";
			};
			buildConfigurationList = 9C443B0D19CE30D9002A0297 /* Build configuration list for PBXProject "SpaceInvaders" */;
			compatibilityVersion = "Xcode 3.2";
			developmentRegion = English;
			hasScannedForEncodings = 0;
			knownRegions = (
				en,
			);
			mainGroup = 9C443B0919CE30D9002A0297;
			productRefGroup = 9C443B1319CE30D9002A0297 /* Products */;
			projectDirPath = "";
			projectRoot = "";
			targets = (
				9C443B1119CE30D9002A0297 /* SpaceInvaders */,
			);
		};
/* End PBXProject section */

/* Begin PBXSourcesBuildPhase section */
		9C443B0E19CE30D9002A0297 /* Sources */ = {
			isa = PBXSourcesBuildPhase;
			buildActionMask = 2147483647;
			files = (
				48D0B9CA19D3508C003F32F8 /* main.c in Sources */,
				9C23D53E19D4AEFF00E0C956 /* events.c in Sources */,
				48D0B9CE19D35BD2003F32F8 /* invaders.c in Sources */,
				9C23D53C19D4A78C00E0C956 /* xfunctions.c in Sources */,
				48D0B9D119D35DA0003F32F8 /* missile.c in Sources */,
			);
			runOnlyForDeploymentPostprocessing = 0;
		};
/* End PBXSourcesBuildPhase section */

/* Begin XCBuildConfiguration section */
		9C443B1919CE30D9002A0297 /* Debug */ = {
			isa = XCBuildConfiguration;
			buildSettings = {
				ALWAYS_SEARCH_USER_PATHS = NO;
				CLANG_CXX_LANGUAGE_STANDARD = "gnu++0x";
				CLANG_CXX_LIBRARY = "libc++";
				CLANG_ENABLE_MODULES = YES;
				CLANG_ENABLE_OBJC_ARC = YES;
				CLANG_WARN_BOOL_CONVERSION = YES;
				CLANG_WARN_CONSTANT_CONVERSION = YES;
				CLANG_WARN_DIRECT_OBJC_ISA_USAGE = YES_ERROR;
				CLANG_WARN_EMPTY_BODY = YES;
				CLANG_WARN_ENUM_CONVERSION = YES;
				CLANG_WARN_INT_CONVERSION = YES;
				CLANG_WARN_OBJC_ROOT_CLASS = YES_ERROR;
				CLANG_WARN__DUPLICATE_METHOD_MATCH = YES;
				COPY_PHASE_STRIP = NO;
				GCC_C_LANGUAGE_STANDARD = gnu99;
				GCC_DYNAMIC_NO_PIC = NO;
				GCC_ENABLE_OBJC_EXCEPTIONS = YES;
				GCC_OPTIMIZATION_LEVEL = 0;
				GCC_PREPROCESSOR_DEFINITIONS = (
					"DEBUG=1",
					"$(inherited)",
				);
				GCC_SYMBOLS_PRIVATE_EXTERN = NO;
				GCC_WARN_64_TO_32_BIT_CONVERSION = YES;
				GCC_WARN_ABOUT_RETURN_TYPE = YES_ERROR;
				GCC_WARN_UNDECLARED_SELECTOR = YES;
				GCC_WARN_UNINITIALIZED_AUTOS = YES_AGGRESSIVE;
				GCC_WARN_UNUSED_FUNCTION = YES;
				GCC_WARN_UNUSED_VARIABLE = YES;
				MACOSX_DEPLOYMENT_TARGET = 10.10;
				ONLY_ACTIVE_ARCH = YES;
				SDKROOT = macosx;
			};
			name = Debug;
		};
		9C443B1A19CE30D9002A0297 /* Release */ = {
			isa = XCBuildConfiguration;
			buildSettings = {
				ALWAYS_SEARCH_USER_PATHS = NO;
				CLANG_CXX_LANGUAGE_STANDARD = "gnu++0x";
				CLANG_CXX_LIBRARY = "libc++";
				CLANG_ENABLE_MODULES = YES;
				CLANG_ENABLE_OBJC_ARC = YES;
				CLANG_WARN_BOOL_CONVERSION = YES;
				CLANG_WARN_CONSTANT_CONVERSION = YES;
				CLANG_WARN_DIRECT_OBJC_ISA_USAGE = YES_ERROR;
				CLANG_WARN_EMPTY_BODY = YES;
				CLANG_WARN_ENUM_CONVERSION = YES;
				CLANG_WARN_INT_CONVERSION = YES;
				CLANG_WARN_OBJC_ROOT_CLASS = YES_ERROR;
				CLANG_WARN__DUPLICATE_METHOD_MATCH = YES;
				COPY_PHASE_STRIP = YES;
				DEBUG_INFORMATION_FORMAT = "dwarf-with-dsym";
				ENABLE_NS_ASSERTIONS = NO;
				GCC_C_LANGUAGE_STANDARD = gnu99;
				GCC_ENABLE_OBJC_EXCEPTIONS = YES;
				GCC_WARN_64_TO_32_BIT_CONVERSION = YES;
				GCC_WARN_ABOUT_RETURN_TYPE = YES_ERROR;
				GCC_WARN_UNDECLARED_SELECTOR = YES;
				GCC_WARN_UNINITIALIZED_AUTOS = YES_AGGRESSIVE;
				GCC_WARN_UNUSED_FUNCTION = YES;
				GCC_WARN_UNUSED_VARIABLE = YES;
				MACOSX_DEPLOYMENT_TARGET = 10.10;
				SDKROOT = macosx;
			};
			name = Release;
		};
		9C443B1C19CE30D9002A0297 /* Debug */ = {
			isa = XCBuildConfiguration;
			buildSettings = {
				FRAMEWORK_SEARCH_PATHS = (
					"$(inherited)",
					"$(LOCAL_LIBRARY_DIR)/Frameworks",
				);
				MACOSX_DEPLOYMENT_TARGET = 10.9;
				PRODUCT_NAME = "$(TARGET_NAME)";
			};
			name = Debug;
		};
		9C443B1D19CE30D9002A0297 /* Release */ = {
			isa = XCBuildConfiguration;
			buildSettings = {
				FRAMEWORK_SEARCH_PATHS = (
					"$(inherited)",
					"$(LOCAL_LIBRARY_DIR)/Frameworks",
				);
				MACOSX_DEPLOYMENT_TARGET = 10.9;
				PRODUCT_NAME = "$(TARGET_NAME)";
			};
			name = Release;
		};
/* End XCBuildConfiguration section */

/* Begin XCConfigurationList section */
		9C443B0D19CE30D9002A0297 /* Build configuration list for PBXProject "SpaceInvaders" */ = {
			isa = XCConfigurationList;
			buildConfigurations = (
				9C443B1919CE30D9002A0297 /* Debug */,
				9C443B1A19CE30D9002A0297 /* Release */,
			);
			defaultConfigurationIsVisible = 0;
			defaultConfigurationName = Release;
		};
		9C443B1B19CE30D9002A0297 /* Build configuration list for PBXNativeTarget "SpaceInvaders" */ = {
			isa = XCConfigurationList;
			buildConfigurations = (
				9C443B1C19CE30D9002A0297 /* Debug */,
				9C443B1D19CE30D9002A0297 /* Release */,
			);
			defaultConfigurationIsVisible = 0;
			defaultConfigurationName = Release;
		};
/* End XCConfigurationList section */
	};
	rootObject = 9C443B0A19CE30D9002A0297 /* Project object */;
}
