// !$*UTF8*$!
{
	archiveVersion = 1;
	classes = {
	};
	objectVersion = 46;
	objects = {

/* Begin PBXBuildFile section */
		480F1FC819CECF4000256A55 /* SDL2.framework in Frameworks */ = {isa = PBXBuildFile; fileRef = 480F1FC719CECF4000256A55 /* SDL2.framework */; };
		480F1FCA19CEDDF900256A55 /* SDL2_image.framework in Frameworks */ = {isa = PBXBuildFile; fileRef = 480F1FC919CEDDF900256A55 /* SDL2_image.framework */; };
		9C443B1619CE30D9002A0297 /* main.c in Sources */ = {isa = PBXBuildFile; fileRef = 9C443B1519CE30D9002A0297 /* main.c */; };
		9C90DE7719CF306F0000569B /* fusee.png in CopyFiles */ = {isa = PBXBuildFile; fileRef = 9C90DE7619CF30660000569B /* fusee.png */; };
		9C90DE7919CF30BC0000569B /* background.jpg in CopyFiles */ = {isa = PBXBuildFile; fileRef = 9C90DE7819CF30B40000569B /* background.jpg */; };
		9C90DE7B19CF52570000569B /* invader.png in CopyFiles */ = {isa = PBXBuildFile; fileRef = 9C90DE7A19CF52430000569B /* invader.png */; };
/* End PBXBuildFile section */

/* Begin PBXCopyFilesBuildPhase section */
		9C90DE7419CF1FFF0000569B /* CopyFiles */ = {
			isa = PBXCopyFilesBuildPhase;
			buildActionMask = 2147483647;
			dstPath = "";
			dstSubfolderSpec = 7;
			files = (
				9C90DE7B19CF52570000569B /* invader.png in CopyFiles */,
				9C90DE7919CF30BC0000569B /* background.jpg in CopyFiles */,
				9C90DE7719CF306F0000569B /* fusee.png in CopyFiles */,
			);
			runOnlyForDeploymentPostprocessing = 0;
		};
/* End PBXCopyFilesBuildPhase section */

/* Begin PBXFileReference section */
		480F1FC719CECF4000256A55 /* SDL2.framework */ = {isa = PBXFileReference; lastKnownFileType = wrapper.framework; name = SDL2.framework; path = ../../../../../../../../Library/Frameworks/SDL2.framework; sourceTree = "<group>"; };
		480F1FC919CEDDF900256A55 /* SDL2_image.framework */ = {isa = PBXFileReference; lastKnownFileType = wrapper.framework; name = SDL2_image.framework; path = ../../../../../../../../Library/Frameworks/SDL2_image.framework; sourceTree = "<group>"; };
		9C443B1219CE30D9002A0297 /* SpaceInvaders */ = {isa = PBXFileReference; explicitFileType = "compiled.mach-o.executable"; includeInIndex = 0; path = SpaceInvaders; sourceTree = BUILT_PRODUCTS_DIR; };
		9C443B1519CE30D9002A0297 /* main.c */ = {isa = PBXFileReference; lastKnownFileType = sourcecode.c.c; path = main.c; sourceTree = "<group>"; };
		9C90DE7619CF30660000569B /* fusee.png */ = {isa = PBXFileReference; lastKnownFileType = image.png; path = fusee.png; sourceTree = "<group>"; };
		9C90DE7819CF30B40000569B /* background.jpg */ = {isa = PBXFileReference; lastKnownFileType = image.jpeg; path = background.jpg; sourceTree = "<group>"; };
		9C90DE7A19CF52430000569B /* invader.png */ = {isa = PBXFileReference; lastKnownFileType = image.png; path = invader.png; sourceTree = "<group>"; };
/* End PBXFileReference section */

/* Begin PBXFrameworksBuildPhase section */
		9C443B0F19CE30D9002A0297 /* Frameworks */ = {
			isa = PBXFrameworksBuildPhase;
			buildActionMask = 2147483647;
			files = (
				480F1FCA19CEDDF900256A55 /* SDL2_image.framework in Frameworks */,
				480F1FC819CECF4000256A55 /* SDL2.framework in Frameworks */,
			);
			runOnlyForDeploymentPostprocessing = 0;
		};
/* End PBXFrameworksBuildPhase section */

/* Begin PBXGroup section */
		9C443B0919CE30D9002A0297 = {
			isa = PBXGroup;
			children = (
				480F1FC919CEDDF900256A55 /* SDL2_image.framework */,
				480F1FC719CECF4000256A55 /* SDL2.framework */,
				9C443B1419CE30D9002A0297 /* SpaceInvaders */,
				9C90DE7119CF1E3A0000569B /* Ressources */,
				9C443B1319CE30D9002A0297 /* Products */,
			);
			sourceTree = "<group>";
		};
		9C443B1319CE30D9002A0297 /* Products */ = {
			isa = PBXGroup;
			children = (
				9C443B1219CE30D9002A0297 /* SpaceInvaders */,
			);
			name = Products;
			sourceTree = "<group>";
		};
		9C443B1419CE30D9002A0297 /* SpaceInvaders */ = {
			isa = PBXGroup;
			children = (
				9C443B1519CE30D9002A0297 /* main.c */,
			);
			path = SpaceInvaders;
			sourceTree = "<group>";
		};
		9C90DE7119CF1E3A0000569B /* Ressources */ = {
			isa = PBXGroup;
			children = (
				9C90DE7819CF30B40000569B /* background.jpg */,
				9C90DE7619CF30660000569B /* fusee.png */,
				9C90DE7A19CF52430000569B /* invader.png */,
			);
			name = Ressources;
			sourceTree = "<group>";
		};
/* End PBXGroup section */

/* Begin PBXNativeTarget section */
		9C443B1119CE30D9002A0297 /* SpaceInvaders */ = {
			isa = PBXNativeTarget;
			buildConfigurationList = 9C443B1B19CE30D9002A0297 /* Build configuration list for PBXNativeTarget "SpaceInvaders" */;
			buildPhases = (
				9C443B0E19CE30D9002A0297 /* Sources */,
				9C443B0F19CE30D9002A0297 /* Frameworks */,
				9C90DE7419CF1FFF0000569B /* CopyFiles */,
			);
			buildRules = (
			);
			dependencies = (
			);
			name = SpaceInvaders;
			productName = SpaceInvaders;
			productReference = 9C443B1219CE30D9002A0297 /* SpaceInvaders */;
			productType = "com.apple.product-type.tool";
		};
/* End PBXNativeTarget section */

/* Begin PBXProject section */
		9C443B0A19CE30D9002A0297 /* Project object */ = {
			isa = PBXProject;
			attributes = {
				LastUpgradeCheck = 0510;
				ORGANIZATIONNAME = "___EnguerranDECTOR___";
			};
			buildConfigurationList = 9C443B0D19CE30D9002A0297 /* Build configuration list for PBXProject "SpaceInvaders" */;
			compatibilityVersion = "Xcode 3.2";
			developmentRegion = English;
			hasScannedForEncodings = 0;
			knownRegions = (
				en,
			);
			mainGroup = 9C443B0919CE30D9002A0297;
			productRefGroup = 9C443B1319CE30D9002A0297 /* Products */;
			projectDirPath = "";
			projectRoot = "";
			targets = (
				9C443B1119CE30D9002A0297 /* SpaceInvaders */,
			);
		};
/* End PBXProject section */

/* Begin PBXSourcesBuildPhase section */
		9C443B0E19CE30D9002A0297 /* Sources */ = {
			isa = PBXSourcesBuildPhase;
			buildActionMask = 2147483647;
			files = (
				9C443B1619CE30D9002A0297 /* main.c in Sources */,
			);
			runOnlyForDeploymentPostprocessing = 0;
		};
/* End PBXSourcesBuildPhase section */

/* Begin XCBuildConfiguration section */
		9C443B1919CE30D9002A0297 /* Debug */ = {
			isa = XCBuildConfiguration;
			buildSettings = {
				ALWAYS_SEARCH_USER_PATHS = NO;
				CLANG_CXX_LANGUAGE_STANDARD = "gnu++0x";
				CLANG_CXX_LIBRARY = "libc++";
				CLANG_ENABLE_MODULES = YES;
				CLANG_ENABLE_OBJC_ARC = YES;
				CLANG_WARN_BOOL_CONVERSION = YES;
				CLANG_WARN_CONSTANT_CONVERSION = YES;
				CLANG_WARN_DIRECT_OBJC_ISA_USAGE = YES_ERROR;
				CLANG_WARN_EMPTY_BODY = YES;
				CLANG_WARN_ENUM_CONVERSION = YES;
				CLANG_WARN_INT_CONVERSION = YES;
				CLANG_WARN_OBJC_ROOT_CLASS = YES_ERROR;
				CLANG_WARN__DUPLICATE_METHOD_MATCH = YES;
				COPY_PHASE_STRIP = NO;
				GCC_C_LANGUAGE_STANDARD = gnu99;
				GCC_DYNAMIC_NO_PIC = NO;
				GCC_ENABLE_OBJC_EXCEPTIONS = YES;
				GCC_OPTIMIZATION_LEVEL = 0;
				GCC_PREPROCESSOR_DEFINITIONS = (
					"DEBUG=1",
					"$(inherited)",
				);
				GCC_SYMBOLS_PRIVATE_EXTERN = NO;
				GCC_WARN_64_TO_32_BIT_CONVERSION = YES;
				GCC_WARN_ABOUT_RETURN_TYPE = YES_ERROR;
				GCC_WARN_UNDECLARED_SELECTOR = YES;
				GCC_WARN_UNINITIALIZED_AUTOS = YES_AGGRESSIVE;
				GCC_WARN_UNUSED_FUNCTION = YES;
				GCC_WARN_UNUSED_VARIABLE = YES;
				MACOSX_DEPLOYMENT_TARGET = 10.10;
				ONLY_ACTIVE_ARCH = YES;
				SDKROOT = macosx;
			};
			name = Debug;
		};
		9C443B1A19CE30D9002A0297 /* Release */ = {
			isa = XCBuildConfiguration;
			buildSettings = {
				ALWAYS_SEARCH_USER_PATHS = NO;
				CLANG_CXX_LANGUAGE_STANDARD = "gnu++0x";
				CLANG_CXX_LIBRARY = "libc++";
				CLANG_ENABLE_MODULES = YES;
				CLANG_ENABLE_OBJC_ARC = YES;
				CLANG_WARN_BOOL_CONVERSION = YES;
				CLANG_WARN_CONSTANT_CONVERSION = YES;
				CLANG_WARN_DIRECT_OBJC_ISA_USAGE = YES_ERROR;
				CLANG_WARN_EMPTY_BODY = YES;
				CLANG_WARN_ENUM_CONVERSION = YES;
				CLANG_WARN_INT_CONVERSION = YES;
				CLANG_WARN_OBJC_ROOT_CLASS = YES_ERROR;
				CLANG_WARN__DUPLICATE_METHOD_MATCH = YES;
				COPY_PHASE_STRIP = YES;
				DEBUG_INFORMATION_FORMAT = "dwarf-with-dsym";
				ENABLE_NS_ASSERTIONS = NO;
				GCC_C_LANGUAGE_STANDARD = gnu99;
				GCC_ENABLE_OBJC_EXCEPTIONS = YES;
				GCC_WARN_64_TO_32_BIT_CONVERSION = YES;
				GCC_WARN_ABOUT_RETURN_TYPE = YES_ERROR;
				GCC_WARN_UNDECLARED_SELECTOR = YES;
				GCC_WARN_UNINITIALIZED_AUTOS = YES_AGGRESSIVE;
				GCC_WARN_UNUSED_FUNCTION = YES;
				GCC_WARN_UNUSED_VARIABLE = YES;
				MACOSX_DEPLOYMENT_TARGET = 10.10;
				SDKROOT = macosx;
			};
			name = Release;
		};
		9C443B1C19CE30D9002A0297 /* Debug */ = {
			isa = XCBuildConfiguration;
			buildSettings = {
				FRAMEWORK_SEARCH_PATHS = (
					"$(inherited)",
					"$(LOCAL_LIBRARY_DIR)/Frameworks",
				);
				MACOSX_DEPLOYMENT_TARGET = 10.9;
				PRODUCT_NAME = "$(TARGET_NAME)";
			};
			name = Debug;
		};
		9C443B1D19CE30D9002A0297 /* Release */ = {
			isa = XCBuildConfiguration;
			buildSettings = {
				FRAMEWORK_SEARCH_PATHS = (
					"$(inherited)",
					"$(LOCAL_LIBRARY_DIR)/Frameworks",
				);
				MACOSX_DEPLOYMENT_TARGET = 10.9;
				PRODUCT_NAME = "$(TARGET_NAME)";
			};
			name = Release;
		};
/* End XCBuildConfiguration section */

/* Begin XCConfigurationList section */
		9C443B0D19CE30D9002A0297 /* Build configuration list for PBXProject "SpaceInvaders" */ = {
			isa = XCConfigurationList;
			buildConfigurations = (
				9C443B1919CE30D9002A0297 /* Debug */,
				9C443B1A19CE30D9002A0297 /* Release */,
			);
			defaultConfigurationIsVisible = 0;
			defaultConfigurationName = Release;
		};
		9C443B1B19CE30D9002A0297 /* Build configuration list for PBXNativeTarget "SpaceInvaders" */ = {
			isa = XCConfigurationList;
			buildConfigurations = (
				9C443B1C19CE30D9002A0297 /* Debug */,
				9C443B1D19CE30D9002A0297 /* Release */,
			);
			defaultConfigurationIsVisible = 0;
			defaultConfigurationName = Release;
		};
/* End XCConfigurationList section */
	};
	rootObject = 9C443B0A19CE30D9002A0297 /* Project object */;
}
